{
  "lockfileVersion": 1,
  "configVersion": 1,
  "workspaces": {
    "": {
      "name": "grove-auth",
      "dependencies": {
        "hono": "^4.7.0",
      },
      "devDependencies": {
        "@cloudflare/workers-types": "^4.20250327.0",
        "typescript": "^5.8.0",
      },
    },
  },
  "packages": {
    "@cloudflare/workers-types": ["@cloudflare/workers-types@4.20260403.1", "", {}, "sha512-p6oSNt3yUwcxSoXZ7qCog7+kgQbkSx1Beoci7TMb/xbRF05VR0cO/p1XUE2SLHZ7IgSIc3tNMpFKa0L0fa3Lzg=="],

    "hono": ["hono@4.12.10", "", {}, "sha512-mx/p18PLy5og9ufies2GOSUqep98Td9q4i/EF6X7yJgAiIopxqdfIO3jbqsi3jRgTgw88jMDEzVKi+V2EF+27w=="],

    "typescript": ["typescript@5.9.3", "", { "bin": { "tsc": "bin/tsc", "tsserver": "bin/tsserver" } }, "sha512-jl1vZzPDinLr9eUt3J/t7V6FgNEw9QjvBPdysz9KfQDD41fQrC2Y4vKQdiaUpFT4bXlb1RHhLpp8wtm6M5TgSw=="],
  }
}
